// !$*UTF8*$!
{
	archiveVersion = 1;
	classes = {
	};
	objectVersion = 46;
	objects = {

/* Begin PBXBuildFile section */
		83CC6F2C1DA7F5800032E26B /* main.m in Sources */ = {isa = PBXBuildFile; fileRef = 83CC6F2B1DA7F5800032E26B /* main.m */; };
		83CC6F2F1DA7F5800032E26B /* AppDelegate.m in Sources */ = {isa = PBXBuildFile; fileRef = 83CC6F2E1DA7F5800032E26B /* AppDelegate.m */; };
		83CC6F321DA7F5800032E26B /* ViewController.m in Sources */ = {isa = PBXBuildFile; fileRef = 83CC6F311DA7F5800032E26B /* ViewController.m */; };
		83CC6F351DA7F5800032E26B /* Main.storyboard in Resources */ = {isa = PBXBuildFile; fileRef = 83CC6F331DA7F5800032E26B /* Main.storyboard */; };
		83CC6F371DA7F5800032E26B /* Assets.xcassets in Resources */ = {isa = PBXBuildFile; fileRef = 83CC6F361DA7F5800032E26B /* Assets.xcassets */; };
		83CC6F3A1DA7F5800032E26B /* LaunchScreen.storyboard in Resources */ = {isa = PBXBuildFile; fileRef = 83CC6F381DA7F5800032E26B /* LaunchScreen.storyboard */; };
		83CC6F451DA7F62D0032E26B /* Foo.swift in Sources */ = {isa = PBXBuildFile; fileRef = 83CC6F441DA7F62D0032E26B /* Foo.swift */; };
/* End PBXBuildFile section */

/* Begin PBXFileReference section */
		83CC6F271DA7F5800032E26B /* SampleBridgingProject.app */ = {isa = PBXFileReference; explicitFileType = wrapper.application; includeInIndex = 0; path = SampleBridgingProject.app; sourceTree = BUILT_PRODUCTS_DIR; };
		83CC6F2B1DA7F5800032E26B /* main.m */ = {isa = PBXFileReference; lastKnownFileType = sourcecode.c.objc; path = main.m; sourceTree = "<group>"; };
		83CC6F2D1DA7F5800032E26B /* AppDelegate.h */ = {isa = PBXFileReference; lastKnownFileType = sourcecode.c.h; path = AppDelegate.h; sourceTree = "<group>"; };
		83CC6F2E1DA7F5800032E26B /* AppDelegate.m */ = {isa = PBXFileReference; lastKnownFileType = sourcecode.c.objc; path = AppDelegate.m; sourceTree = "<group>"; };
		83CC6F301DA7F5800032E26B /* ViewController.h */ = {isa = PBXFileReference; lastKnownFileType = sourcecode.c.h; path = ViewController.h; sourceTree = "<group>"; };
		83CC6F311DA7F5800032E26B /* ViewController.m */ = {isa = PBXFileReference; lastKnownFileType = sourcecode.c.objc; path = ViewController.m; sourceTree = "<group>"; };
		83CC6F341DA7F5800032E26B /* Base */ = {isa = PBXFileReference; lastKnownFileType = file.storyboard; name = Base; path = Base.lproj/Main.storyboard; sourceTree = "<group>"; };
		83CC6F361DA7F5800032E26B /* Assets.xcassets */ = {isa = PBXFileReference; lastKnownFileType = folder.assetcatalog; path = Assets.xcassets; sourceTree = "<group>"; };
		83CC6F391DA7F5800032E26B /* Base */ = {isa = PBXFileReference; lastKnownFileType = file.storyboard; name = Base; path = Base.lproj/LaunchScreen.storyboard; sourceTree = "<group>"; };
		83CC6F3B1DA7F5800032E26B /* Info.plist */ = {isa = PBXFileReference; lastKnownFileType = text.plist.xml; path = Info.plist; sourceTree = "<group>"; };
		83CC6F411DA7F5B00032E26B /* README.md */ = {isa = PBXFileReference; fileEncoding = 4; lastKnownFileType = net.daringfireball.markdown; path = README.md; sourceTree = "<group>"; };
		83CC6F431DA7F62D0032E26B /* SampleBridgingProject-Bridging-Header.h */ = {isa = PBXFileReference; lastKnownFileType = sourcecode.c.h; path = "SampleBridgingProject-Bridging-Header.h"; sourceTree = "<group>"; };
		83CC6F441DA7F62D0032E26B /* Foo.swift */ = {isa = PBXFileReference; fileEncoding = 4; lastKnownFileType = sourcecode.swift; path = Foo.swift; sourceTree = "<group>"; };
		83CC6F461DA7F6890032E26B /* SampleBridgingProject.pch */ = {isa = PBXFileReference; lastKnownFileType = sourcecode.c.h; path = SampleBridgingProject.pch; sourceTree = "<group>"; };
/* End PBXFileReference section */

/* Begin PBXFrameworksBuildPhase section */
		83CC6F241DA7F5800032E26B /* Frameworks */ = {
			isa = PBXFrameworksBuildPhase;
			buildActionMask = 2147483647;
			files = (
			);
			runOnlyForDeploymentPostprocessing = 0;
		};
/* End PBXFrameworksBuildPhase section */

/* Begin PBXGroup section */
		83CC6F1E1DA7F5800032E26B = {
			isa = PBXGroup;
			children = (
				83CC6F411DA7F5B00032E26B /* README.md */,
				83CC6F291DA7F5800032E26B /* SampleBridgingProject */,
				83CC6F281DA7F5800032E26B /* Products */,
			);
			sourceTree = "<group>";
		};
		83CC6F281DA7F5800032E26B /* Products */ = {
			isa = PBXGroup;
			children = (
				83CC6F271DA7F5800032E26B /* SampleBridgingProject.app */,
			);
			name = Products;
			sourceTree = "<group>";
		};
		83CC6F291DA7F5800032E26B /* SampleBridgingProject */ = {
			isa = PBXGroup;
			children = (
				83CC6F2D1DA7F5800032E26B /* AppDelegate.h */,
				83CC6F2E1DA7F5800032E26B /* AppDelegate.m */,
				83CC6F301DA7F5800032E26B /* ViewController.h */,
				83CC6F311DA7F5800032E26B /* ViewController.m */,
				83CC6F461DA7F6890032E26B /* SampleBridgingProject.pch */,
				83CC6F441DA7F62D0032E26B /* Foo.swift */,
				83CC6F331DA7F5800032E26B /* Main.storyboard */,
				83CC6F361DA7F5800032E26B /* Assets.xcassets */,
				83CC6F381DA7F5800032E26B /* LaunchScreen.storyboard */,
				83CC6F3B1DA7F5800032E26B /* Info.plist */,
				83CC6F2A1DA7F5800032E26B /* Supporting Files */,
				83CC6F431DA7F62D0032E26B /* SampleBridgingProject-Bridging-Header.h */,
			);
			path = SampleBridgingProject;
			sourceTree = "<group>";
		};
		83CC6F2A1DA7F5800032E26B /* Supporting Files */ = {
			isa = PBXGroup;
			children = (
				83CC6F2B1DA7F5800032E26B /* main.m */,
			);
			name = "Supporting Files";
			sourceTree = "<group>";
		};
/* End PBXGroup section */

/* Begin PBXNativeTarget section */
		83CC6F261DA7F5800032E26B /* SampleBridgingProject */ = {
			isa = PBXNativeTarget;
			buildConfigurationList = 83CC6F3E1DA7F5800032E26B /* Build configuration list for PBXNativeTarget "SampleBridgingProject" */;
			buildPhases = (
				83CC6F231DA7F5800032E26B /* Sources */,
				83CC6F241DA7F5800032E26B /* Frameworks */,
				83CC6F251DA7F5800032E26B /* Resources */,
			);
			buildRules = (
			);
			dependencies = (
			);
			name = SampleBridgingProject;
			productName = SampleBridgingProject;
			productReference = 83CC6F271DA7F5800032E26B /* SampleBridgingProject.app */;
			productType = "com.apple.product-type.application";
		};
/* End PBXNativeTarget section */

/* Begin PBXProject section */
		83CC6F1F1DA7F5800032E26B /* Project object */ = {
			isa = PBXProject;
			attributes = {
				LastUpgradeCheck = 0800;
				ORGANIZATIONNAME = "Robert Ryan";
				TargetAttributes = {
					83CC6F261DA7F5800032E26B = {
						CreatedOnToolsVersion = 8.0;
						DevelopmentTeam = UZAPXQTVQ4;
						LastSwiftMigration = 0800;
						ProvisioningStyle = Automatic;
					};
				};
			};
			buildConfigurationList = 83CC6F221DA7F5800032E26B /* Build configuration list for PBXProject "SampleBridgingProject" */;
			compatibilityVersion = "Xcode 3.2";
			developmentRegion = English;
			hasScannedForEncodings = 0;
			knownRegions = (
				en,
				Base,
			);
			mainGroup = 83CC6F1E1DA7F5800032E26B;
			productRefGroup = 83CC6F281DA7F5800032E26B /* Products */;
			projectDirPath = "";
			projectRoot = "";
			targets = (
				83CC6F261DA7F5800032E26B /* SampleBridgingProject */,
			);
		};
/* End PBXProject section */

/* Begin PBXResourcesBuildPhase section */
		83CC6F251DA7F5800032E26B /* Resources */ = {
			isa = PBXResourcesBuildPhase;
			buildActionMask = 2147483647;
			files = (
				83CC6F3A1DA7F5800032E26B /* LaunchScreen.storyboard in Resources */,
				83CC6F371DA7F5800032E26B /* Assets.xcassets in Resources */,
				83CC6F351DA7F5800032E26B /* Main.storyboard in Resources */,
			);
			runOnlyForDeploymentPostprocessing = 0;
		};
/* End PBXResourcesBuildPhase section */

/* Begin PBXSourcesBuildPhase section */
		83CC6F231DA7F5800032E26B /* Sources */ = {
			isa = PBXSourcesBuildPhase;
			buildActionMask = 2147483647;
			files = (
				83CC6F321DA7F5800032E26B /* ViewController.m in Sources */,
				83CC6F2F1DA7F5800032E26B /* AppDelegate.m in Sources */,
				83CC6F451DA7F62D0032E26B /* Foo.swift in Sources */,
				83CC6F2C1DA7F5800032E26B /* main.m in Sources */,
			);
			runOnlyForDeploymentPostprocessing = 0;
		};
/* End PBXSourcesBuildPhase section */

/* Begin PBXVariantGroup section */
		83CC6F331DA7F5800032E26B /* Main.storyboard */ = {
			isa = PBXVariantGroup;
			children = (
				83CC6F341DA7F5800032E26B /* Base */,
			);
			name = Main.storyboard;
			sourceTree = "<group>";
		};
		83CC6F381DA7F5800032E26B /* LaunchScreen.storyboard */ = {
			isa = PBXVariantGroup;
			children = (
				83CC6F391DA7F5800032E26B /* Base */,
			);
			name = LaunchScreen.storyboard;
			sourceTree = "<group>";
		};
/* End PBXVariantGroup section */

/* Begin XCBuildConfiguration section */
		83CC6F3C1DA7F5800032E26B /* Debug */ = {
			isa = XCBuildConfiguration;
			buildSettings = {
				ALWAYS_SEARCH_USER_PATHS = NO;
				CLANG_ANALYZER_NONNULL = YES;
				CLANG_CXX_LANGUAGE_STANDARD = "gnu++0x";
				CLANG_CXX_LIBRARY = "libc++";
				CLANG_ENABLE_MODULES = YES;
				CLANG_ENABLE_OBJC_ARC = YES;
				CLANG_WARN_BOOL_CONVERSION = YES;
				CLANG_WARN_CONSTANT_CONVERSION = YES;
				CLANG_WARN_DIRECT_OBJC_ISA_USAGE = YES_ERROR;
				CLANG_WARN_DOCUMENTATION_COMMENTS = YES;
				CLANG_WARN_EMPTY_BODY = YES;
				CLANG_WARN_ENUM_CONVERSION = YES;
				CLANG_WARN_INFINITE_RECURSION = YES;
				CLANG_WARN_INT_CONVERSION = YES;
				CLANG_WARN_OBJC_ROOT_CLASS = YES_ERROR;
				CLANG_WARN_SUSPICIOUS_MOVES = YES;
				CLANG_WARN_UNREACHABLE_CODE = YES;
				CLANG_WARN__DUPLICATE_METHOD_MATCH = YES;
				"CODE_SIGN_IDENTITY[sdk=iphoneos*]" = "iPhone Developer";
				COPY_PHASE_STRIP = NO;
				DEBUG_INFORMATION_FORMAT = dwarf;
				ENABLE_STRICT_OBJC_MSGSEND = YES;
				ENABLE_TESTABILITY = YES;
				GCC_C_LANGUAGE_STANDARD = gnu99;
				GCC_DYNAMIC_NO_PIC = NO;
				GCC_NO_COMMON_BLOCKS = YES;
				GCC_OPTIMIZATION_LEVEL = 0;
				GCC_PREPROCESSOR_DEFINITIONS = (
					"DEBUG=1",
					"$(inherited)",
				);
				GCC_WARN_64_TO_32_BIT_CONVERSION = YES;
				GCC_WARN_ABOUT_RETURN_TYPE = YES_ERROR;
				GCC_WARN_UNDECLARED_SELECTOR = YES;
				GCC_WARN_UNINITIALIZED_AUTOS = YES_AGGRESSIVE;
				GCC_WARN_UNUSED_FUNCTION = YES;
				GCC_WARN_UNUSED_VARIABLE = YES;
				IPHONEOS_DEPLOYMENT_TARGET = 10.0;
				MTL_ENABLE_DEBUG_INFO = YES;
				ONLY_ACTIVE_ARCH = YES;
				SDKROOT = iphoneos;
				TARGETED_DEVICE_FAMILY = "1,2";
			};
			name = Debug;
		};
		83CC6F3D1DA7F5800032E26B /* Release */ = {
			isa = XCBuildConfiguration;
			buildSettings = {
				ALWAYS_SEARCH_USER_PATHS = NO;
				CLANG_ANALYZER_NONNULL = YES;
				CLANG_CXX_LANGUAGE_STANDARD = "gnu++0x";
				CLANG_CXX_LIBRARY = "libc++";
				CLANG_ENABLE_MODULES = YES;
				CLANG_ENABLE_OBJC_ARC = YES;
				CLANG_WARN_BOOL_CONVERSION = YES;
				CLANG_WARN_CONSTANT_CONVERSION = YES;
				CLANG_WARN_DIRECT_OBJC_ISA_USAGE = YES_ERROR;
				CLANG_WARN_DOCUMENTATION_COMMENTS = YES;
				CLANG_WARN_EMPTY_BODY = YES;
				CLANG_WARN_ENUM_CONVERSION = YES;
				CLANG_WARN_INFINITE_RECURSION = YES;
				CLANG_WARN_INT_CONVERSION = YES;
				CLANG_WARN_OBJC_ROOT_CLASS = YES_ERROR;
				CLANG_WARN_SUSPICIOUS_MOVES = YES;
				CLANG_WARN_UNREACHABLE_CODE = YES;
				CLANG_WARN__DUPLICATE_METHOD_MATCH = YES;
				"CODE_SIGN_IDENTITY[sdk=iphoneos*]" = "iPhone Developer";
				COPY_PHASE_STRIP = NO;
				DEBUG_INFORMATION_FORMAT = "dwarf-with-dsym";
				ENABLE_NS_ASSERTIONS = NO;
				ENABLE_STRICT_OBJC_MSGSEND = YES;
				GCC_C_LANGUAGE_STANDARD = gnu99;
				GCC_NO_COMMON_BLOCKS = YES;
				GCC_WARN_64_TO_32_BIT_CONVERSION = YES;
				GCC_WARN_ABOUT_RETURN_TYPE = YES_ERROR;
				GCC_WARN_UNDECLARED_SELECTOR = YES;
				GCC_WARN_UNINITIALIZED_AUTOS = YES_AGGRESSIVE;
				GCC_WARN_UNUSED_FUNCTION = YES;
				GCC_WARN_UNUSED_VARIABLE = YES;
				IPHONEOS_DEPLOYMENT_TARGET = 10.0;
				MTL_ENABLE_DEBUG_INFO = NO;
				SDKROOT = iphoneos;
				TARGETED_DEVICE_FAMILY = "1,2";
				VALIDATE_PRODUCT = YES;
			};
			name = Release;
		};
		83CC6F3F1DA7F5800032E26B /* Debug */ = {
			isa = XCBuildConfiguration;
			buildSettings = {
				ASSETCATALOG_COMPILER_APPICON_NAME = AppIcon;
				CLANG_ENABLE_MODULES = YES;
				DEVELOPMENT_TEAM = UZAPXQTVQ4;
				GCC_PREFIX_HEADER = SampleBridgingProject/SampleBridgingProject.pch;
				INFOPLIST_FILE = SampleBridgingProject/Info.plist;
				LD_RUNPATH_SEARCH_PATHS = "$(inherited) @executable_path/Frameworks";
				PRODUCT_BUNDLE_IDENTIFIER = com.robertmryan.SampleBridgingProject;
				PRODUCT_NAME = "$(TARGET_NAME)";
				SWIFT_OBJC_BRIDGING_HEADER = "SampleBridgingProject/SampleBridgingProject-Bridging-Header.h";
				SWIFT_OPTIMIZATION_LEVEL = "-Onone";
				SWIFT_VERSION = 3.0;
			};
			name = Debug;
		};
		83CC6F401DA7F5800032E26B /* Release */ = {
			isa = XCBuildConfiguration;
			buildSettings = {
				ASSETCATALOG_COMPILER_APPICON_NAME = AppIcon;
				CLANG_ENABLE_MODULES = YES;
				DEVELOPMENT_TEAM = UZAPXQTVQ4;
				GCC_PREFIX_HEADER = SampleBridgingProject/SampleBridgingProject.pch;
				INFOPLIST_FILE = SampleBridgingProject/Info.plist;
				LD_RUNPATH_SEARCH_PATHS = "$(inherited) @executable_path/Frameworks";
				PRODUCT_BUNDLE_IDENTIFIER = com.robertmryan.SampleBridgingProject;
				PRODUCT_NAME = "$(TARGET_NAME)";
				SWIFT_OBJC_BRIDGING_HEADER = "SampleBridgingProject/SampleBridgingProject-Bridging-Header.h";
				SWIFT_VERSION = 3.0;
			};
			name = Release;
		};
/* End XCBuildConfiguration section */

/* Begin XCConfigurationList section */
		83CC6F221DA7F5800032E26B /* Build configuration list for PBXProject "SampleBridgingProject" */ = {
			isa = XCConfigurationList;
			buildConfigurations = (
				83CC6F3C1DA7F5800032E26B /* Debug */,
				83CC6F3D1DA7F5800032E26B /* Release */,
			);
			defaultConfigurationIsVisible = 0;
			defaultConfigurationName = Release;
		};
		83CC6F3E1DA7F5800032E26B /* Build configuration list for PBXNativeTarget "SampleBridgingProject" */ = {
			isa = XCConfigurationList;
			buildConfigurations = (
				83CC6F3F1DA7F5800032E26B /* Debug */,
				83CC6F401DA7F5800032E26B /* Release */,
			);
			defaultConfigurationIsVisible = 0;
			defaultConfigurationName = Release;
		};
/* End XCConfigurationList section */
	};
	rootObject = 83CC6F1F1DA7F5800032E26B /* Project object */;
}
